
Microsoft Visual Studio Solution File, Format Version 12.00
# Visual Studio Version 17
VisualStudioVersion = 17.5.002.0
MinimumVisualStudioVersion = 10.0.40219.1
Project("{9A19103F-16F7-4668-BE54-9A1E7A4F7556}") = "MentoringProject", "MentoringProject.csproj", "{4ECC00A3-F289-4FFF-818C-9C101ADC347B}"
EndProject
Global
	GlobalSection(SolutionConfigurationPlatforms) = preSolution
		Debug|Any CPU = Debug|Any CPU
		Release|Any CPU = Release|Any CPU
	EndGlobalSection
	GlobalSection(ProjectConfigurationPlatforms) = postSolution
		{4ECC00A3-F289-4FFF-818C-9C101ADC347B}.Debug|Any CPU.ActiveCfg = Debug|Any CPU
		{4ECC00A3-F289-4FFF-818C-9C101ADC347B}.Debug|Any CPU.Build.0 = Debug|Any CPU
		{4ECC00A3-F289-4FFF-818C-9C101ADC347B}.Release|Any CPU.ActiveCfg = Release|Any CPU
		{4ECC00A3-F289-4FFF-818C-9C101ADC347B}.Release|Any CPU.Build.0 = Release|Any CPU
	EndGlobalSection
	GlobalSection(SolutionProperties) = preSolution
		HideSolutionNode = FALSE
	EndGlobalSection
	GlobalSection(ExtensibilityGlobals) = postSolution
		SolutionGuid = {6270D180-7736-47D7-9387-775863296593}
	EndGlobalSection
EndGlobal
